Microsoft Visual Studio Solution File, Format Version 12.00
# Visual Studio Version 17
VisualStudioVersion = 17.0.31903.59
MinimumVisualStudioVersion = 10.0.40219.1
Project("{2150E333-8FDC-42A3-9474-1A3956D46DE8}") = "Solution Items", "Solution Items", "{F0E1BECF-FB30-4986-96D3-77ECCD2C78F7}"
	ProjectSection(SolutionItems) = preProject
		.editorconfig = .editorconfig
		.github\workflows\codeql.yml = .github\workflows\codeql.yml
		.gitignore = .gitignore
		CHANGELOG.md = CHANGELOG.md
		Cleanup_Solution.ps1 = Cleanup_Solution.ps1
		Resources\GenerateApiClients.ps1 = Resources\GenerateApiClients.ps1
		LICENSE = LICENSE
		README.md = README.md
		Settings.XamlStyler = Settings.XamlStyler
		TODO.md = TODO.md
	EndProjectSection
EndProject
Project("{9A19103F-16F7-4668-BE54-9A1E7A4F7556}") = "JocysCom.VS.AiCompanion.Engine", "Engine\JocysCom.VS.AiCompanion.Engine.csproj", "{A3E5E666-890B-422B-908D-5BDA2576FB92}"
EndProject
Project("{FAE04EC0-301F-11D3-BF4B-00C04F79EFBC}") = "JocysCom.VS.AiCompanion.Extension", "Extension\JocysCom.VS.AiCompanion.Extension.csproj", "{403400F8-39B7-69AF-806F-CABFAAAD6D7B}"
EndProject
Project("{9A19103F-16F7-4668-BE54-9A1E7A4F7556}") = "JocysCom.VS.AiCompanion.App", "App\JocysCom.VS.AiCompanion.App.csproj", "{086EE5BA-DEDD-474A-9C9B-B6230CD0AF55}"
EndProject
Project("{9A19103F-16F7-4668-BE54-9A1E7A4F7556}") = "JocysCom.VS.AiCompanion.Demo", "Demo\JocysCom.VS.AiCompanion.Demo.csproj", "{C88193B9-038E-4AA8-820F-90BF6A2DD89E}"
EndProject
Project("{9A19103F-16F7-4668-BE54-9A1E7A4F7556}") = "JocysCom.VS.AiCompanion.ClientGenerator", "ClientGenerator\JocysCom.VS.AiCompanion.ClientGenerator.csproj", "{7077B317-DC94-41BA-8885-D2AF6243858F}"
EndProject
Project("{9A19103F-16F7-4668-BE54-9A1E7A4F7556}") = "JocysCom.VS.AiCompanion.Clients", "Clients\JocysCom.VS.AiCompanion.Clients.csproj", "{0FBD1426-7E8C-45B9-9E3F-98C4E4A2848F}"
EndProject
Project("{2150E333-8FDC-42A3-9474-1A3956D46DE8}") = "Plugins", "Plugins", "{E20C1D7F-175E-4E8B-817F-DFB67955357E}"
EndProject
Project("{9A19103F-16F7-4668-BE54-9A1E7A4F7556}") = "JocysCom.VS.AiCompanion.Plugins.LinkReader", "Plugins\LinkReader\JocysCom.VS.AiCompanion.Plugins.LinkReader.csproj", "{32369DE1-526F-4D11-BE1F-0E292A3E6C1D}"
EndProject
Project("{9A19103F-16F7-4668-BE54-9A1E7A4F7556}") = "JocysCom.VS.AiCompanion.Plugins.Core", "Plugins\Core\JocysCom.VS.AiCompanion.Plugins.Core.csproj", "{6D58A35D-FA37-4761-AE81-F1DD89829E1E}"
EndProject
Project("{9A19103F-16F7-4668-BE54-9A1E7A4F7556}") = "JocysCom.VS.AiCompanion.Shared", "Shared\JocysCom.VS.AiCompanion.Shared.csproj", "{01818D93-E2A8-46AF-A035-507D203AD47B}"
EndProject
Project("{00D1A9C2-B5F0-4AF3-8072-F6C62B433612}") = "JocysCom.VS.AiCompanion.DataFunctions", "Data\DataFunctions\JocysCom.VS.AiCompanion.DataFunctions.sqlproj", "{3C54106B-2D93-45BD-99EA-FAC5B95D3C99}"
EndProject
Project("{2150E333-8FDC-42A3-9474-1A3956D46DE8}") = "Data", "Data", "{843D4334-2E79-470C-A481-E02CF34E242E}"
EndProject
Project("{9A19103F-16F7-4668-BE54-9A1E7A4F7556}") = "JocysCom.VS.AiCompanion.DataClient", "Data\DataClient\JocysCom.VS.AiCompanion.DataClient.csproj", "{FF25816B-107F-4816-8C36-34804F25DD0D}"
EndProject
Project("{9A19103F-16F7-4668-BE54-9A1E7A4F7556}") = "JocysCom.VS.AiCompanion.Plugins.TeamsPlugin", "Plugins\TeamsPlugin\JocysCom.VS.AiCompanion.Plugins.TeamsPlugin.csproj", "{34A43A67-7898-4C22-BDAC-9E3A1B85EF25}"
EndProject
Project("{2150E333-8FDC-42A3-9474-1A3956D46DE8}") = "Resources", "Resources", "{7621D168-651D-48DB-9354-8516A6C68351}"
	ProjectSection(SolutionItems) = preProject
		Resources\Setup\MSI_Setup_Commands.md = Resources\Setup\MSI_Setup_Commands.md
		Resources\ZipFiles.ps1 = Resources\ZipFiles.ps1
	EndProjectSection
EndProject
Project("{9A19103F-16F7-4668-BE54-9A1E7A4F7556}") = "Microsoft.Data.ConnectionUI", "Resources\Microsoft\Data\ConnectionUI\Microsoft.Data.ConnectionUI.csproj", "{EFC61168-23CF-467B-A440-C6376ADAA5FA}"
EndProject
Project("{9A19103F-16F7-4668-BE54-9A1E7A4F7556}") = "Microsoft.Data.ConnectionUI.Dialog", "Resources\Microsoft\Data\ConnectionUI.Dialog\Microsoft.Data.ConnectionUI.Dialog.csproj", "{85254873-5E7B-459C-A640-1B21A558A50A}"
EndProject
Project("{2150E333-8FDC-42A3-9474-1A3956D46DE8}") = "Setup", "Setup", "{AA2CB73E-8BCC-4A26-9D05-69F56AE4B443}"
EndProject
Project("{54435603-DBB4-11D2-8724-00A0C9A8B90C}") = "JocysCom.VS.AiCompanion.Setup", "Setup\Setup\JocysCom.VS.AiCompanion.Setup.vdproj", "{78378B7D-5A0D-4F96-8B68-2FBB74138579}"
EndProject
Project("{2150E333-8FDC-42A3-9474-1A3956D46DE8}") = "Terraform-Azure", "Terraform-Azure", "{F2E29A2F-425B-4E46-B2F6-5CA4F29EFCF6}"
	ProjectSection(SolutionItems) = preProject
		Setup\Terraform-Azure\.gitignore = Setup\Terraform-Azure\.gitignore
		Setup\Terraform-Azure\azure-pipelines.yml = Setup\Terraform-Azure\azure-pipelines.yml
		Setup\Terraform-Azure\backend.dev.tfvars = Setup\Terraform-Azure\backend.dev.tfvars
		Setup\Terraform-Azure\backend.prod.tfvars = Setup\Terraform-Azure\backend.prod.tfvars
		Setup\Terraform-Azure\main.tf = Setup\Terraform-Azure\main.tf
		Setup\Terraform-Azure\ReadMe.md = Setup\Terraform-Azure\ReadMe.md
		Setup\Terraform-Azure\script1_groups.tf = Setup\Terraform-Azure\script1_groups.tf
		Setup\Terraform-Azure\script2_key_vault.tf = Setup\Terraform-Azure\script2_key_vault.tf
		Setup\Terraform-Azure\script3_sql_server.tf = Setup\Terraform-Azure\script3_sql_server.tf
		Setup\Terraform-Azure\script3_sql_server_roles.sql = Setup\Terraform-Azure\script3_sql_server_roles.sql
		Setup\Terraform-Azure\script4_sql_database.tf = Setup\Terraform-Azure\script4_sql_database.tf
		Setup\Terraform-Azure\script4_sql_database_roles.sql = Setup\Terraform-Azure\script4_sql_database_roles.sql
		Setup\Terraform-Azure\setup.ps1 = Setup\Terraform-Azure\setup.ps1
		Setup\Terraform-Azure\variables.dev.tfvars = Setup\Terraform-Azure\variables.dev.tfvars
		Setup\Terraform-Azure\variables.prod.tfvars = Setup\Terraform-Azure\variables.prod.tfvars
		Setup\Terraform-Azure\variables.tf = Setup\Terraform-Azure\variables.tf
	EndProjectSection
EndProject
Project("{2150E333-8FDC-42A3-9474-1A3956D46DE8}") = "GitHub Workflows", "GitHub Workflows", "{73B3CC1C-97A2-4DC7-AD59-59A5D597A022}"
	ProjectSection(SolutionItems) = preProject
		.github\workflows\codeql.yml = .github\workflows\codeql.yml
		.github\workflows\defender-for-devops.yml = .github\workflows\defender-for-devops.yml
		.github\workflows\synopsys-io.yml = .github\workflows\synopsys-io.yml
	EndProjectSection
EndProject
Project("{FAE04EC0-301F-11D3-BF4B-00C04F79EFBC}") = "JocysCom.VS.AiCompanion.Setup.CustomActions", "Setup\CustomActions\JocysCom.VS.AiCompanion.Setup.CustomActions.csproj", "{5AB7E80B-9BF8-42D0-836F-5D1524C5D117}"
EndProject
Global
	GlobalSection(SolutionConfigurationPlatforms) = preSolution
		Debug|Any CPU = Debug|Any CPU
		Debug|arm64 = Debug|arm64
		Debug|x64 = Debug|x64
		Release|Any CPU = Release|Any CPU
		Release|arm64 = Release|arm64
		Release|x64 = Release|x64
	EndGlobalSection
	GlobalSection(ProjectConfigurationPlatforms) = postSolution
		{5AB7E80B-9BF8-42D0-836F-5D1524C5D117}.Debug|Any CPU.ActiveCfg = Debug|Any CPU
		{5AB7E80B-9BF8-42D0-836F-5D1524C5D117}.Debug|Any CPU.Build.0 = Debug|Any CPU
		{5AB7E80B-9BF8-42D0-836F-5D1524C5D117}.Debug|arm64.ActiveCfg = Debug|Any CPU
		{5AB7E80B-9BF8-42D0-836F-5D1524C5D117}.Debug|arm64.Build.0 = Debug|Any CPU
		{5AB7E80B-9BF8-42D0-836F-5D1524C5D117}.Debug|x64.ActiveCfg = Debug|Any CPU
		{5AB7E80B-9BF8-42D0-836F-5D1524C5D117}.Debug|x64.Build.0 = Debug|Any CPU
		{5AB7E80B-9BF8-42D0-836F-5D1524C5D117}.Release|Any CPU.ActiveCfg = Release|Any CPU
		{5AB7E80B-9BF8-42D0-836F-5D1524C5D117}.Release|Any CPU.Build.0 = Release|Any CPU
		{5AB7E80B-9BF8-42D0-836F-5D1524C5D117}.Release|arm64.ActiveCfg = Release|Any CPU
		{5AB7E80B-9BF8-42D0-836F-5D1524C5D117}.Release|arm64.Build.0 = Release|Any CPU
		{5AB7E80B-9BF8-42D0-836F-5D1524C5D117}.Release|x64.ActiveCfg = Release|Any CPU
		{5AB7E80B-9BF8-42D0-836F-5D1524C5D117}.Release|x64.Build.0 = Release|Any CPU
		{78378B7D-5A0D-4F96-8B68-2FBB74138579}.Debug|Any CPU.ActiveCfg = Debug
		{78378B7D-5A0D-4F96-8B68-2FBB74138579}.Debug|Any CPU.Build.0 = Debug
		{78378B7D-5A0D-4F96-8B68-2FBB74138579}.Debug|arm64.ActiveCfg = Debug
		{78378B7D-5A0D-4F96-8B68-2FBB74138579}.Debug|arm64.Build.0 = Debug
		{78378B7D-5A0D-4F96-8B68-2FBB74138579}.Debug|x64.ActiveCfg = Debug
		{78378B7D-5A0D-4F96-8B68-2FBB74138579}.Debug|x64.Build.0 = Debug
		{78378B7D-5A0D-4F96-8B68-2FBB74138579}.Release|Any CPU.ActiveCfg = Release
		{78378B7D-5A0D-4F96-8B68-2FBB74138579}.Release|Any CPU.Build.0 = Release
		{78378B7D-5A0D-4F96-8B68-2FBB74138579}.Release|arm64.ActiveCfg = Release
		{78378B7D-5A0D-4F96-8B68-2FBB74138579}.Release|arm64.Build.0 = Release
		{78378B7D-5A0D-4F96-8B68-2FBB74138579}.Release|x64.ActiveCfg = Release
		{78378B7D-5A0D-4F96-8B68-2FBB74138579}.Release|x64.Build.0 = Release
		{85254873-5E7B-459C-A640-1B21A558A50A}.Debug|Any CPU.ActiveCfg = Debug|Any CPU
		{85254873-5E7B-459C-A640-1B21A558A50A}.Debug|Any CPU.Build.0 = Debug|Any CPU
		{85254873-5E7B-459C-A640-1B21A558A50A}.Debug|arm64.ActiveCfg = Debug|Any CPU
		{85254873-5E7B-459C-A640-1B21A558A50A}.Debug|arm64.Build.0 = Debug|Any CPU
		{85254873-5E7B-459C-A640-1B21A558A50A}.Debug|x64.ActiveCfg = Debug|Any CPU
		{85254873-5E7B-459C-A640-1B21A558A50A}.Debug|x64.Build.0 = Debug|Any CPU
		{85254873-5E7B-459C-A640-1B21A558A50A}.Release|Any CPU.ActiveCfg = Release|Any CPU
		{85254873-5E7B-459C-A640-1B21A558A50A}.Release|Any CPU.Build.0 = Release|Any CPU
		{85254873-5E7B-459C-A640-1B21A558A50A}.Release|arm64.ActiveCfg = Release|Any CPU
		{85254873-5E7B-459C-A640-1B21A558A50A}.Release|arm64.Build.0 = Release|Any CPU
		{85254873-5E7B-459C-A640-1B21A558A50A}.Release|x64.ActiveCfg = Release|Any CPU
		{85254873-5E7B-459C-A640-1B21A558A50A}.Release|x64.Build.0 = Release|Any CPU
		{A3E5E666-890B-422B-908D-5BDA2576FB92}.Debug|Any CPU.ActiveCfg = Debug|Any CPU
		{A3E5E666-890B-422B-908D-5BDA2576FB92}.Debug|Any CPU.Build.0 = Debug|Any CPU
		{A3E5E666-890B-422B-908D-5BDA2576FB92}.Debug|arm64.ActiveCfg = Debug|Any CPU
		{A3E5E666-890B-422B-908D-5BDA2576FB92}.Debug|arm64.Build.0 = Debug|Any CPU
		{A3E5E666-890B-422B-908D-5BDA2576FB92}.Debug|x64.ActiveCfg = Debug|Any CPU
		{A3E5E666-890B-422B-908D-5BDA2576FB92}.Debug|x64.Build.0 = Debug|Any CPU
		{A3E5E666-890B-422B-908D-5BDA2576FB92}.Release|Any CPU.ActiveCfg = Release|Any CPU
		{A3E5E666-890B-422B-908D-5BDA2576FB92}.Release|Any CPU.Build.0 = Release|Any CPU
		{A3E5E666-890B-422B-908D-5BDA2576FB92}.Release|arm64.ActiveCfg = Release|Any CPU
		{A3E5E666-890B-422B-908D-5BDA2576FB92}.Release|arm64.Build.0 = Release|Any CPU
		{A3E5E666-890B-422B-908D-5BDA2576FB92}.Release|x64.ActiveCfg = Release|Any CPU
		{A3E5E666-890B-422B-908D-5BDA2576FB92}.Release|x64.Build.0 = Release|Any CPU
		{403400F8-39B7-69AF-806F-CABFAAAD6D7B}.Debug|Any CPU.ActiveCfg = Debug|Any CPU
		{403400F8-39B7-69AF-806F-CABFAAAD6D7B}.Debug|Any CPU.Build.0 = Debug|Any CPU
		{403400F8-39B7-69AF-806F-CABFAAAD6D7B}.Debug|arm64.ActiveCfg = Debug|Any CPU
		{403400F8-39B7-69AF-806F-CABFAAAD6D7B}.Debug|x64.ActiveCfg = Debug|Any CPU
		{403400F8-39B7-69AF-806F-CABFAAAD6D7B}.Debug|x64.Build.0 = Debug|Any CPU
		{403400F8-39B7-69AF-806F-CABFAAAD6D7B}.Release|Any CPU.ActiveCfg = Release|Any CPU
		{403400F8-39B7-69AF-806F-CABFAAAD6D7B}.Release|Any CPU.Build.0 = Release|Any CPU
		{403400F8-39B7-69AF-806F-CABFAAAD6D7B}.Release|arm64.ActiveCfg = Release|Any CPU
		{403400F8-39B7-69AF-806F-CABFAAAD6D7B}.Release|x64.ActiveCfg = Release|Any CPU
		{403400F8-39B7-69AF-806F-CABFAAAD6D7B}.Release|x64.Build.0 = Release|Any CPU
		{086EE5BA-DEDD-474A-9C9B-B6230CD0AF55}.Debug|Any CPU.ActiveCfg = Debug|Any CPU
		{086EE5BA-DEDD-474A-9C9B-B6230CD0AF55}.Debug|Any CPU.Build.0 = Debug|Any CPU
		{086EE5BA-DEDD-474A-9C9B-B6230CD0AF55}.Debug|arm64.ActiveCfg = Debug|Any CPU
		{086EE5BA-DEDD-474A-9C9B-B6230CD0AF55}.Debug|arm64.Build.0 = Debug|Any CPU
		{086EE5BA-DEDD-474A-9C9B-B6230CD0AF55}.Debug|x64.ActiveCfg = Debug|Any CPU
		{086EE5BA-DEDD-474A-9C9B-B6230CD0AF55}.Debug|x64.Build.0 = Debug|Any CPU
		{086EE5BA-DEDD-474A-9C9B-B6230CD0AF55}.Release|Any CPU.ActiveCfg = Release|Any CPU
		{086EE5BA-DEDD-474A-9C9B-B6230CD0AF55}.Release|Any CPU.Build.0 = Release|Any CPU
		{086EE5BA-DEDD-474A-9C9B-B6230CD0AF55}.Release|arm64.ActiveCfg = Release|Any CPU
		{086EE5BA-DEDD-474A-9C9B-B6230CD0AF55}.Release|arm64.Build.0 = Release|Any CPU
		{086EE5BA-DEDD-474A-9C9B-B6230CD0AF55}.Release|x64.ActiveCfg = Release|Any CPU
		{086EE5BA-DEDD-474A-9C9B-B6230CD0AF55}.Release|x64.Build.0 = Release|Any CPU
		{C88193B9-038E-4AA8-820F-90BF6A2DD89E}.Debug|Any CPU.ActiveCfg = Debug|Any CPU
		{C88193B9-038E-4AA8-820F-90BF6A2DD89E}.Debug|Any CPU.Build.0 = Debug|Any CPU
		{C88193B9-038E-4AA8-820F-90BF6A2DD89E}.Debug|arm64.ActiveCfg = Debug|Any CPU
		{C88193B9-038E-4AA8-820F-90BF6A2DD89E}.Debug|arm64.Build.0 = Debug|Any CPU
		{C88193B9-038E-4AA8-820F-90BF6A2DD89E}.Debug|x64.ActiveCfg = Debug|Any CPU
		{C88193B9-038E-4AA8-820F-90BF6A2DD89E}.Debug|x64.Build.0 = Debug|Any CPU
		{C88193B9-038E-4AA8-820F-90BF6A2DD89E}.Release|Any CPU.ActiveCfg = Release|Any CPU
		{C88193B9-038E-4AA8-820F-90BF6A2DD89E}.Release|Any CPU.Build.0 = Release|Any CPU
		{C88193B9-038E-4AA8-820F-90BF6A2DD89E}.Release|arm64.ActiveCfg = Release|Any CPU
		{C88193B9-038E-4AA8-820F-90BF6A2DD89E}.Release|arm64.Build.0 = Release|Any CPU
		{C88193B9-038E-4AA8-820F-90BF6A2DD89E}.Release|x64.ActiveCfg = Release|Any CPU
		{C88193B9-038E-4AA8-820F-90BF6A2DD89E}.Release|x64.Build.0 = Release|Any CPU
		{7077B317-DC94-41BA-8885-D2AF6243858F}.Debug|Any CPU.ActiveCfg = Debug|Any CPU
		{7077B317-DC94-41BA-8885-D2AF6243858F}.Debug|Any CPU.Build.0 = Debug|Any CPU
		{7077B317-DC94-41BA-8885-D2AF6243858F}.Debug|arm64.ActiveCfg = Debug|Any CPU
		{7077B317-DC94-41BA-8885-D2AF6243858F}.Debug|arm64.Build.0 = Debug|Any CPU
		{7077B317-DC94-41BA-8885-D2AF6243858F}.Debug|x64.ActiveCfg = Debug|Any CPU
		{7077B317-DC94-41BA-8885-D2AF6243858F}.Debug|x64.Build.0 = Debug|Any CPU
		{7077B317-DC94-41BA-8885-D2AF6243858F}.Release|Any CPU.ActiveCfg = Release|Any CPU
		{7077B317-DC94-41BA-8885-D2AF6243858F}.Release|Any CPU.Build.0 = Release|Any CPU
		{7077B317-DC94-41BA-8885-D2AF6243858F}.Release|arm64.ActiveCfg = Release|Any CPU
		{7077B317-DC94-41BA-8885-D2AF6243858F}.Release|arm64.Build.0 = Release|Any CPU
		{7077B317-DC94-41BA-8885-D2AF6243858F}.Release|x64.ActiveCfg = Release|Any CPU
		{7077B317-DC94-41BA-8885-D2AF6243858F}.Release|x64.Build.0 = Release|Any CPU
		{0FBD1426-7E8C-45B9-9E3F-98C4E4A2848F}.Debug|Any CPU.ActiveCfg = Debug|Any CPU
		{0FBD1426-7E8C-45B9-9E3F-98C4E4A2848F}.Debug|Any CPU.Build.0 = Debug|Any CPU
		{0FBD1426-7E8C-45B9-9E3F-98C4E4A2848F}.Debug|arm64.ActiveCfg = Debug|Any CPU
		{0FBD1426-7E8C-45B9-9E3F-98C4E4A2848F}.Debug|arm64.Build.0 = Debug|Any CPU
		{0FBD1426-7E8C-45B9-9E3F-98C4E4A2848F}.Debug|x64.ActiveCfg = Debug|Any CPU
		{0FBD1426-7E8C-45B9-9E3F-98C4E4A2848F}.Debug|x64.Build.0 = Debug|Any CPU
		{0FBD1426-7E8C-45B9-9E3F-98C4E4A2848F}.Release|Any CPU.ActiveCfg = Release|Any CPU
		{0FBD1426-7E8C-45B9-9E3F-98C4E4A2848F}.Release|Any CPU.Build.0 = Release|Any CPU
		{0FBD1426-7E8C-45B9-9E3F-98C4E4A2848F}.Release|arm64.ActiveCfg = Release|Any CPU
		{0FBD1426-7E8C-45B9-9E3F-98C4E4A2848F}.Release|arm64.Build.0 = Release|Any CPU
		{0FBD1426-7E8C-45B9-9E3F-98C4E4A2848F}.Release|x64.ActiveCfg = Release|Any CPU
		{0FBD1426-7E8C-45B9-9E3F-98C4E4A2848F}.Release|x64.Build.0 = Release|Any CPU
		{32369DE1-526F-4D11-BE1F-0E292A3E6C1D}.Debug|Any CPU.ActiveCfg = Debug|Any CPU
		{32369DE1-526F-4D11-BE1F-0E292A3E6C1D}.Debug|Any CPU.Build.0 = Debug|Any CPU
		{32369DE1-526F-4D11-BE1F-0E292A3E6C1D}.Debug|arm64.ActiveCfg = Debug|Any CPU
		{32369DE1-526F-4D11-BE1F-0E292A3E6C1D}.Debug|arm64.Build.0 = Debug|Any CPU
		{32369DE1-526F-4D11-BE1F-0E292A3E6C1D}.Debug|x64.ActiveCfg = Debug|Any CPU
		{32369DE1-526F-4D11-BE1F-0E292A3E6C1D}.Debug|x64.Build.0 = Debug|Any CPU
		{32369DE1-526F-4D11-BE1F-0E292A3E6C1D}.Release|Any CPU.ActiveCfg = Release|Any CPU
		{32369DE1-526F-4D11-BE1F-0E292A3E6C1D}.Release|Any CPU.Build.0 = Release|Any CPU
		{32369DE1-526F-4D11-BE1F-0E292A3E6C1D}.Release|arm64.ActiveCfg = Release|Any CPU
		{32369DE1-526F-4D11-BE1F-0E292A3E6C1D}.Release|arm64.Build.0 = Release|Any CPU
		{32369DE1-526F-4D11-BE1F-0E292A3E6C1D}.Release|x64.ActiveCfg = Release|Any CPU
		{32369DE1-526F-4D11-BE1F-0E292A3E6C1D}.Release|x64.Build.0 = Release|Any CPU
		{6D58A35D-FA37-4761-AE81-F1DD89829E1E}.Debug|Any CPU.ActiveCfg = Debug|Any CPU
		{6D58A35D-FA37-4761-AE81-F1DD89829E1E}.Debug|Any CPU.Build.0 = Debug|Any CPU
		{6D58A35D-FA37-4761-AE81-F1DD89829E1E}.Debug|arm64.ActiveCfg = Debug|Any CPU
		{6D58A35D-FA37-4761-AE81-F1DD89829E1E}.Debug|arm64.Build.0 = Debug|Any CPU
		{6D58A35D-FA37-4761-AE81-F1DD89829E1E}.Debug|x64.ActiveCfg = Debug|Any CPU
		{6D58A35D-FA37-4761-AE81-F1DD89829E1E}.Debug|x64.Build.0 = Debug|Any CPU
		{6D58A35D-FA37-4761-AE81-F1DD89829E1E}.Release|Any CPU.ActiveCfg = Release|Any CPU
		{6D58A35D-FA37-4761-AE81-F1DD89829E1E}.Release|Any CPU.Build.0 = Release|Any CPU
		{6D58A35D-FA37-4761-AE81-F1DD89829E1E}.Release|arm64.ActiveCfg = Release|Any CPU
		{6D58A35D-FA37-4761-AE81-F1DD89829E1E}.Release|arm64.Build.0 = Release|Any CPU
		{6D58A35D-FA37-4761-AE81-F1DD89829E1E}.Release|x64.ActiveCfg = Release|Any CPU
		{6D58A35D-FA37-4761-AE81-F1DD89829E1E}.Release|x64.Build.0 = Release|Any CPU
		{01818D93-E2A8-46AF-A035-507D203AD47B}.Debug|Any CPU.ActiveCfg = Debug|Any CPU
		{01818D93-E2A8-46AF-A035-507D203AD47B}.Debug|Any CPU.Build.0 = Debug|Any CPU
		{01818D93-E2A8-46AF-A035-507D203AD47B}.Debug|arm64.ActiveCfg = Debug|Any CPU
		{01818D93-E2A8-46AF-A035-507D203AD47B}.Debug|arm64.Build.0 = Debug|Any CPU
		{01818D93-E2A8-46AF-A035-507D203AD47B}.Debug|x64.ActiveCfg = Debug|Any CPU
		{01818D93-E2A8-46AF-A035-507D203AD47B}.Debug|x64.Build.0 = Debug|Any CPU
		{01818D93-E2A8-46AF-A035-507D203AD47B}.Release|Any CPU.ActiveCfg = Release|Any CPU
		{01818D93-E2A8-46AF-A035-507D203AD47B}.Release|Any CPU.Build.0 = Release|Any CPU
		{01818D93-E2A8-46AF-A035-507D203AD47B}.Release|arm64.ActiveCfg = Release|Any CPU
		{01818D93-E2A8-46AF-A035-507D203AD47B}.Release|arm64.Build.0 = Release|Any CPU
		{01818D93-E2A8-46AF-A035-507D203AD47B}.Release|x64.ActiveCfg = Release|Any CPU
		{01818D93-E2A8-46AF-A035-507D203AD47B}.Release|x64.Build.0 = Release|Any CPU
		{3C54106B-2D93-45BD-99EA-FAC5B95D3C99}.Debug|Any CPU.ActiveCfg = Debug|Any CPU
		{3C54106B-2D93-45BD-99EA-FAC5B95D3C99}.Debug|Any CPU.Build.0 = Debug|Any CPU
		{3C54106B-2D93-45BD-99EA-FAC5B95D3C99}.Debug|Any CPU.Deploy.0 = Debug|Any CPU
		{3C54106B-2D93-45BD-99EA-FAC5B95D3C99}.Debug|arm64.ActiveCfg = Debug|Any CPU
		{3C54106B-2D93-45BD-99EA-FAC5B95D3C99}.Debug|arm64.Build.0 = Debug|Any CPU
		{3C54106B-2D93-45BD-99EA-FAC5B95D3C99}.Debug|arm64.Deploy.0 = Debug|Any CPU
		{3C54106B-2D93-45BD-99EA-FAC5B95D3C99}.Debug|x64.ActiveCfg = Debug|Any CPU
		{3C54106B-2D93-45BD-99EA-FAC5B95D3C99}.Debug|x64.Build.0 = Debug|Any CPU
		{3C54106B-2D93-45BD-99EA-FAC5B95D3C99}.Debug|x64.Deploy.0 = Debug|Any CPU
		{3C54106B-2D93-45BD-99EA-FAC5B95D3C99}.Release|Any CPU.ActiveCfg = Release|Any CPU
		{3C54106B-2D93-45BD-99EA-FAC5B95D3C99}.Release|Any CPU.Build.0 = Release|Any CPU
		{3C54106B-2D93-45BD-99EA-FAC5B95D3C99}.Release|Any CPU.Deploy.0 = Release|Any CPU
		{3C54106B-2D93-45BD-99EA-FAC5B95D3C99}.Release|arm64.ActiveCfg = Release|Any CPU
		{3C54106B-2D93-45BD-99EA-FAC5B95D3C99}.Release|arm64.Build.0 = Release|Any CPU
		{3C54106B-2D93-45BD-99EA-FAC5B95D3C99}.Release|arm64.Deploy.0 = Release|Any CPU
		{3C54106B-2D93-45BD-99EA-FAC5B95D3C99}.Release|x64.ActiveCfg = Release|Any CPU
		{3C54106B-2D93-45BD-99EA-FAC5B95D3C99}.Release|x64.Build.0 = Release|Any CPU
		{3C54106B-2D93-45BD-99EA-FAC5B95D3C99}.Release|x64.Deploy.0 = Release|Any CPU
		{EFC61168-23CF-467B-A440-C6376ADAA5FA}.Debug|Any CPU.ActiveCfg = Debug|Any CPU
		{EFC61168-23CF-467B-A440-C6376ADAA5FA}.Debug|Any CPU.Build.0 = Debug|Any CPU
		{EFC61168-23CF-467B-A440-C6376ADAA5FA}.Debug|arm64.ActiveCfg = Debug|Any CPU
		{EFC61168-23CF-467B-A440-C6376ADAA5FA}.Debug|arm64.Build.0 = Debug|Any CPU
		{EFC61168-23CF-467B-A440-C6376ADAA5FA}.Debug|x64.ActiveCfg = Debug|Any CPU
		{EFC61168-23CF-467B-A440-C6376ADAA5FA}.Debug|x64.Build.0 = Debug|Any CPU
		{EFC61168-23CF-467B-A440-C6376ADAA5FA}.Release|Any CPU.ActiveCfg = Release|Any CPU
		{EFC61168-23CF-467B-A440-C6376ADAA5FA}.Release|Any CPU.Build.0 = Release|Any CPU
		{EFC61168-23CF-467B-A440-C6376ADAA5FA}.Release|arm64.ActiveCfg = Release|Any CPU
		{EFC61168-23CF-467B-A440-C6376ADAA5FA}.Release|arm64.Build.0 = Release|Any CPU
		{EFC61168-23CF-467B-A440-C6376ADAA5FA}.Release|x64.ActiveCfg = Release|Any CPU
		{EFC61168-23CF-467B-A440-C6376ADAA5FA}.Release|x64.Build.0 = Release|Any CPU
		{FF25816B-107F-4816-8C36-34804F25DD0D}.Debug|Any CPU.ActiveCfg = Debug|Any CPU
		{FF25816B-107F-4816-8C36-34804F25DD0D}.Debug|Any CPU.Build.0 = Debug|Any CPU
		{FF25816B-107F-4816-8C36-34804F25DD0D}.Debug|arm64.ActiveCfg = Debug|Any CPU
		{FF25816B-107F-4816-8C36-34804F25DD0D}.Debug|arm64.Build.0 = Debug|Any CPU
		{FF25816B-107F-4816-8C36-34804F25DD0D}.Debug|x64.ActiveCfg = Debug|Any CPU
		{FF25816B-107F-4816-8C36-34804F25DD0D}.Debug|x64.Build.0 = Debug|Any CPU
		{FF25816B-107F-4816-8C36-34804F25DD0D}.Release|Any CPU.ActiveCfg = Release|Any CPU
		{FF25816B-107F-4816-8C36-34804F25DD0D}.Release|Any CPU.Build.0 = Release|Any CPU
		{FF25816B-107F-4816-8C36-34804F25DD0D}.Release|arm64.ActiveCfg = Release|Any CPU
		{FF25816B-107F-4816-8C36-34804F25DD0D}.Release|arm64.Build.0 = Release|Any CPU
		{FF25816B-107F-4816-8C36-34804F25DD0D}.Release|x64.ActiveCfg = Release|Any CPU
		{FF25816B-107F-4816-8C36-34804F25DD0D}.Release|x64.Build.0 = Release|Any CPU
		{34A43A67-7898-4C22-BDAC-9E3A1B85EF25}.Debug|Any CPU.ActiveCfg = Debug|Any CPU
		{34A43A67-7898-4C22-BDAC-9E3A1B85EF25}.Debug|Any CPU.Build.0 = Debug|Any CPU
		{34A43A67-7898-4C22-BDAC-9E3A1B85EF25}.Debug|arm64.ActiveCfg = Debug|Any CPU
		{34A43A67-7898-4C22-BDAC-9E3A1B85EF25}.Debug|arm64.Build.0 = Debug|Any CPU
		{34A43A67-7898-4C22-BDAC-9E3A1B85EF25}.Debug|x64.ActiveCfg = Debug|Any CPU
		{34A43A67-7898-4C22-BDAC-9E3A1B85EF25}.Debug|x64.Build.0 = Debug|Any CPU
		{34A43A67-7898-4C22-BDAC-9E3A1B85EF25}.Release|Any CPU.ActiveCfg = Release|Any CPU
		{34A43A67-7898-4C22-BDAC-9E3A1B85EF25}.Release|Any CPU.Build.0 = Release|Any CPU
		{34A43A67-7898-4C22-BDAC-9E3A1B85EF25}.Release|arm64.ActiveCfg = Release|Any CPU
		{34A43A67-7898-4C22-BDAC-9E3A1B85EF25}.Release|arm64.Build.0 = Release|Any CPU
		{34A43A67-7898-4C22-BDAC-9E3A1B85EF25}.Release|x64.ActiveCfg = Release|Any CPU
		{34A43A67-7898-4C22-BDAC-9E3A1B85EF25}.Release|x64.Build.0 = Release|Any CPU
	EndGlobalSection
	GlobalSection(SolutionProperties) = preSolution
		HideSolutionNode = FALSE
	EndGlobalSection
	GlobalSection(NestedProjects) = preSolution
		{32369DE1-526F-4D11-BE1F-0E292A3E6C1D} = {E20C1D7F-175E-4E8B-817F-DFB67955357E}
		{5AB7E80B-9BF8-42D0-836F-5D1524C5D117} = {AA2CB73E-8BCC-4A26-9D05-69F56AE4B443}
		{6D58A35D-FA37-4761-AE81-F1DD89829E1E} = {E20C1D7F-175E-4E8B-817F-DFB67955357E}
		{3C54106B-2D93-45BD-99EA-FAC5B95D3C99} = {843D4334-2E79-470C-A481-E02CF34E242E}
		{73B3CC1C-97A2-4DC7-AD59-59A5D597A022} = {7621D168-651D-48DB-9354-8516A6C68351}
		{78378B7D-5A0D-4F96-8B68-2FBB74138579} = {AA2CB73E-8BCC-4A26-9D05-69F56AE4B443}
		{85254873-5E7B-459C-A640-1B21A558A50A} = {7621D168-651D-48DB-9354-8516A6C68351}
		{EFC61168-23CF-467B-A440-C6376ADAA5FA} = {7621D168-651D-48DB-9354-8516A6C68351}
		{F2E29A2F-425B-4E46-B2F6-5CA4F29EFCF6} = {AA2CB73E-8BCC-4A26-9D05-69F56AE4B443}
		{FF25816B-107F-4816-8C36-34804F25DD0D} = {843D4334-2E79-470C-A481-E02CF34E242E}
		{34A43A67-7898-4C22-BDAC-9E3A1B85EF25} = {E20C1D7F-175E-4E8B-817F-DFB67955357E}
	EndGlobalSection
	GlobalSection(ExtensibilityGlobals) = postSolution
		SolutionGuid = {FBFF2296-DB1F-4D4F-B14D-BE266743B9AE}
	EndGlobalSection
EndGlobal
