
Microsoft Visual Studio Solution File, Format Version 12.00
# Visual Studio Version 17
VisualStudioVersion = 17.9.34723.18
MinimumVisualStudioVersion = 10.0.40219.1
Project("{FAE04EC0-301F-11D3-BF4B-00C04F79EFBC}") = "Microsoft.Data.ConnectionUI", "ConnectionUI\Microsoft.Data.ConnectionUI.csproj", "{DC4B11A7-B9ED-4C0F-A1C6-FB43B9B5BE97}"
EndProject
Project("{FAE04EC0-301F-11D3-BF4B-00C04F79EFBC}") = "Microsoft.Data.ConnectionUI.Dialog", "ConnectionUI.Dialog\Microsoft.Data.ConnectionUI.Dialog.csproj", "{C6AA5FFD-06D9-4406-9316-93FBBA639D6F}"
EndProject
Global
	GlobalSection(SolutionConfigurationPlatforms) = preSolution
		Debug|Any CPU = Debug|Any CPU
		Release|Any CPU = Release|Any CPU
	EndGlobalSection
	GlobalSection(ProjectConfigurationPlatforms) = postSolution
		{DC4B11A7-B9ED-4C0F-A1C6-FB43B9B5BE97}.Debug|Any CPU.ActiveCfg = Debug|Any CPU
		{DC4B11A7-B9ED-4C0F-A1C6-FB43B9B5BE97}.Debug|Any CPU.Build.0 = Debug|Any CPU
		{DC4B11A7-B9ED-4C0F-A1C6-FB43B9B5BE97}.Release|Any CPU.ActiveCfg = Release|Any CPU
		{DC4B11A7-B9ED-4C0F-A1C6-FB43B9B5BE97}.Release|Any CPU.Build.0 = Release|Any CPU
		{C6AA5FFD-06D9-4406-9316-93FBBA639D6F}.Debug|Any CPU.ActiveCfg = Debug|Any CPU
		{C6AA5FFD-06D9-4406-9316-93FBBA639D6F}.Debug|Any CPU.Build.0 = Debug|Any CPU
		{C6AA5FFD-06D9-4406-9316-93FBBA639D6F}.Release|Any CPU.ActiveCfg = Release|Any CPU
		{C6AA5FFD-06D9-4406-9316-93FBBA639D6F}.Release|Any CPU.Build.0 = Release|Any CPU
	EndGlobalSection
	GlobalSection(SolutionProperties) = preSolution
		HideSolutionNode = FALSE
	EndGlobalSection
	GlobalSection(ExtensibilityGlobals) = postSolution
		SolutionGuid = {C0494225-E923-44D8-9DA1-C13EDDC04CA6}
	EndGlobalSection
EndGlobal
